Microsoft Visual Studio Solution File, Format Version 12.00
# Visual Studio Version 17
VisualStudioVersion = 17.5.2.0
MinimumVisualStudioVersion = 10.0.40219.1
Project("{FAE04EC0-301F-11D3-BF4B-00C04F79EFBC}") = "BlazorWasmTest", "BlazorWasmTest.csproj", "{E426D1F6-AF21-15D0-0A46-3B03658ACF54}"
EndProject
Global
	GlobalSection(SolutionConfigurationPlatforms) = preSolution
		Debug|Any CPU = Debug|Any CPU
		Release|Any CPU = Release|Any CPU
	EndGlobalSection
	GlobalSection(ProjectConfigurationPlatforms) = postSolution
		{E426D1F6-AF21-15D0-0A46-3B03658ACF54}.Debug|Any CPU.ActiveCfg = Debug|Any CPU
		{E426D1F6-AF21-15D0-0A46-3B03658ACF54}.Debug|Any CPU.Build.0 = Debug|Any CPU
		{E426D1F6-AF21-15D0-0A46-3B03658ACF54}.Release|Any CPU.ActiveCfg = Release|Any CPU
		{E426D1F6-AF21-15D0-0A46-3B03658ACF54}.Release|Any CPU.Build.0 = Release|Any CPU
	EndGlobalSection
	GlobalSection(SolutionProperties) = preSolution
		HideSolutionNode = FALSE
	EndGlobalSection
	GlobalSection(ExtensibilityGlobals) = postSolution
		SolutionGuid = {248D77D7-551C-460B-A414-31C702CD894A}
	EndGlobalSection
EndGlobal
